
Microsoft Visual Studio Solution File, Format Version 12.00
# Visual Studio Version 17
VisualStudioVersion = 17.13.35913.81
MinimumVisualStudioVersion = 10.0.40219.1
Project("{FAE04EC0-301F-11D3-BF4B-00C04F79EFBC}") = "FrtTicketPrinter", "FrtTicketPrinter\FrtTicketPrinter.csproj", "{64B2C4C9-722C-4741-A5B3-1C9270311703}"
EndProject
Project("{FAE04EC0-301F-11D3-BF4B-00C04F79EFBC}") = "TicketPrinterTestProgram", "TicketPrinterTestProgram\TicketPrinterTestProgram.csproj", "{00654F83-2F32-4662-95B4-60B9506CD563}"
EndProject
Project("{FAE04EC0-301F-11D3-BF4B-00C04F79EFBC}") = "FrtTicketVendingMachine", "FrtTicketVendingMachine\FrtTicketVendingMachine.csproj", "{EBEA15AC-A78E-4FF0-9069-6EFFEF8D27D3}"
EndProject
Project("{FAE04EC0-301F-11D3-BF4B-00C04F79EFBC}") = "FrtAfcApiClient", "FrtAfcApiClient\FrtAfcApiClient.csproj", "{114F3D69-F3F8-49B1-91B7-13BEA5D82273}"
EndProject
Project("{FAE04EC0-301F-11D3-BF4B-00C04F79EFBC}") = "FareClientTestProgram", "FareClientTestProgram\FareClientTestProgram.csproj", "{84965951-E996-4D68-A945-C05A8C8E5968}"
EndProject
Project("{FAE04EC0-301F-11D3-BF4B-00C04F79EFBC}") = "FrtBoothOfficeMachine", "FrtBoothOfficeMachine\FrtBoothOfficeMachine.csproj", "{8FC4C7C9-CFB1-4EEB-AA24-02EE1E7089F7}"
EndProject
Project("{FAE04EC0-301F-11D3-BF4B-00C04F79EFBC}") = "FrtFaregate", "FrtFaregate\FrtFaregate.csproj", "{23E116DD-E60C-4B89-8CFC-4558D7FD3537}"
EndProject
Project("{FAE04EC0-301F-11D3-BF4B-00C04F79EFBC}") = "OfflineTicketValidationTestProgram", "OfflineTicketValidationTestProgram\OfflineTicketValidationTestProgram.csproj", "{D131FBFE-C317-4FC6-BCDB-26F2FDD96121}"
EndProject
Global
	GlobalSection(SolutionConfigurationPlatforms) = preSolution
		Debug|Any CPU = Debug|Any CPU
		Release|Any CPU = Release|Any CPU
	EndGlobalSection
	GlobalSection(ProjectConfigurationPlatforms) = postSolution
		{64B2C4C9-722C-4741-A5B3-1C9270311703}.Debug|Any CPU.ActiveCfg = Debug|Any CPU
		{64B2C4C9-722C-4741-A5B3-1C9270311703}.Debug|Any CPU.Build.0 = Debug|Any CPU
		{64B2C4C9-722C-4741-A5B3-1C9270311703}.Release|Any CPU.ActiveCfg = Release|Any CPU
		{64B2C4C9-722C-4741-A5B3-1C9270311703}.Release|Any CPU.Build.0 = Release|Any CPU
		{00654F83-2F32-4662-95B4-60B9506CD563}.Debug|Any CPU.ActiveCfg = Debug|Any CPU
		{00654F83-2F32-4662-95B4-60B9506CD563}.Debug|Any CPU.Build.0 = Debug|Any CPU
		{00654F83-2F32-4662-95B4-60B9506CD563}.Release|Any CPU.ActiveCfg = Release|Any CPU
		{00654F83-2F32-4662-95B4-60B9506CD563}.Release|Any CPU.Build.0 = Release|Any CPU
		{EBEA15AC-A78E-4FF0-9069-6EFFEF8D27D3}.Debug|Any CPU.ActiveCfg = Debug|Any CPU
		{EBEA15AC-A78E-4FF0-9069-6EFFEF8D27D3}.Debug|Any CPU.Build.0 = Debug|Any CPU
		{EBEA15AC-A78E-4FF0-9069-6EFFEF8D27D3}.Release|Any CPU.ActiveCfg = Release|Any CPU
		{EBEA15AC-A78E-4FF0-9069-6EFFEF8D27D3}.Release|Any CPU.Build.0 = Release|Any CPU
		{114F3D69-F3F8-49B1-91B7-13BEA5D82273}.Debug|Any CPU.ActiveCfg = Debug|Any CPU
		{114F3D69-F3F8-49B1-91B7-13BEA5D82273}.Debug|Any CPU.Build.0 = Debug|Any CPU
		{114F3D69-F3F8-49B1-91B7-13BEA5D82273}.Release|Any CPU.ActiveCfg = Release|Any CPU
		{114F3D69-F3F8-49B1-91B7-13BEA5D82273}.Release|Any CPU.Build.0 = Release|Any CPU
		{84965951-E996-4D68-A945-C05A8C8E5968}.Debug|Any CPU.ActiveCfg = Debug|Any CPU
		{84965951-E996-4D68-A945-C05A8C8E5968}.Debug|Any CPU.Build.0 = Debug|Any CPU
		{84965951-E996-4D68-A945-C05A8C8E5968}.Release|Any CPU.ActiveCfg = Release|Any CPU
		{84965951-E996-4D68-A945-C05A8C8E5968}.Release|Any CPU.Build.0 = Release|Any CPU
		{8FC4C7C9-CFB1-4EEB-AA24-02EE1E7089F7}.Debug|Any CPU.ActiveCfg = Debug|Any CPU
		{8FC4C7C9-CFB1-4EEB-AA24-02EE1E7089F7}.Debug|Any CPU.Build.0 = Debug|Any CPU
		{8FC4C7C9-CFB1-4EEB-AA24-02EE1E7089F7}.Release|Any CPU.ActiveCfg = Release|Any CPU
		{8FC4C7C9-CFB1-4EEB-AA24-02EE1E7089F7}.Release|Any CPU.Build.0 = Release|Any CPU
		{23E116DD-E60C-4B89-8CFC-4558D7FD3537}.Debug|Any CPU.ActiveCfg = Debug|Any CPU
		{23E116DD-E60C-4B89-8CFC-4558D7FD3537}.Debug|Any CPU.Build.0 = Debug|Any CPU
		{23E116DD-E60C-4B89-8CFC-4558D7FD3537}.Release|Any CPU.ActiveCfg = Release|Any CPU
		{23E116DD-E60C-4B89-8CFC-4558D7FD3537}.Release|Any CPU.Build.0 = Release|Any CPU
		{D131FBFE-C317-4FC6-BCDB-26F2FDD96121}.Debug|Any CPU.ActiveCfg = Debug|Any CPU
		{D131FBFE-C317-4FC6-BCDB-26F2FDD96121}.Debug|Any CPU.Build.0 = Debug|Any CPU
		{D131FBFE-C317-4FC6-BCDB-26F2FDD96121}.Release|Any CPU.ActiveCfg = Release|Any CPU
		{D131FBFE-C317-4FC6-BCDB-26F2FDD96121}.Release|Any CPU.Build.0 = Release|Any CPU
	EndGlobalSection
	GlobalSection(SolutionProperties) = preSolution
		HideSolutionNode = FALSE
	EndGlobalSection
	GlobalSection(ExtensibilityGlobals) = postSolution
		SolutionGuid = {BD8E6416-E8B1-48E9-A57A-0758C9C6D2B4}
	EndGlobalSection
EndGlobal
